
Microsoft Visual Studio Solution File, Format Version 12.00
# Visual Studio Version 17
VisualStudioVersion = 17.0.32014.148
MinimumVisualStudioVersion = 10.0.40219.1
Project("{FAE04EC0-301F-11D3-BF4B-00C04F79EFBC}") = "MyPackets", "MyPackets\MyPackets.csproj", "{6F2F12AC-AC74-47AA-BE4F-00796ABF525A}"
EndProject
Global
	GlobalSection(SolutionConfigurationPlatforms) = preSolution
		Debug|Any CPU = Debug|Any CPU
		Release|Any CPU = Release|Any CPU
	EndGlobalSection
	GlobalSection(ProjectConfigurationPlatforms) = postSolution
		{6F2F12AC-AC74-47AA-BE4F-00796ABF525A}.Debug|Any CPU.ActiveCfg = Debug|Any CPU
		{6F2F12AC-AC74-47AA-BE4F-00796ABF525A}.Debug|Any CPU.Build.0 = Debug|Any CPU
		{6F2F12AC-AC74-47AA-BE4F-00796ABF525A}.Release|Any CPU.ActiveCfg = Release|Any CPU
		{6F2F12AC-AC74-47AA-BE4F-00796ABF525A}.Release|Any CPU.Build.0 = Release|Any CPU
	EndGlobalSection
	GlobalSection(SolutionProperties) = preSolution
		HideSolutionNode = FALSE
	EndGlobalSection
	GlobalSection(ExtensibilityGlobals) = postSolution
		SolutionGuid = {D903F36A-D4EE-420B-A7DD-08D62C7A49E9}
	EndGlobalSection
EndGlobal
